<?xml version="1.0" encoding="utf-8"?>
<Project ToolsVersion="4.0" xmlns="http://schemas.microsoft.com/developer/msbuild/2003">
  <ItemGroup>
    <Filter Include="Source Files">
      <UniqueIdentifier>{4FC737F1-C7A5-4376-A066-2A32D752A2FF}</UniqueIdentifier>
      <Extensions>cpp;c;cc;cxx;c++;cppm;ixx;def;odl;idl;hpj;bat;asm;asmx</Extensions>
    </Filter>
    <Filter Include="Header Files">
      <UniqueIdentifier>{93995380-89BD-4b04-88EB-625FBE52EBFB}</UniqueIdentifier>
      <Extensions>h;hh;hpp;hxx;h++;hm;inl;inc;ipp;xsd</Extensions>
    </Filter>
    <Filter Include="Resource Files">
      <UniqueIdentifier>{67DA6AB6-F800-4c08-8B7A-83BB121AAD01}</UniqueIdentifier>
      <Extensions>rc;ico;cur;bmp;dlg;rc2;rct;bin;rgs;gif;jpg;jpeg;jpe;resx;tiff;tif;png;wav;mfcribbon-ms</Extensions>
    </Filter>
  </ItemGroup>
  <ItemGroup>
    <ClCompile Include="Source.cpp">
      <Filter>Source Files</Filter>
    </ClCompile>
    <ClCompile Include="Resources\Debug\Debugger.cpp">
      <Filter>Source Files</Filter>
    </ClCompile>
    <ClCompile Include="Resources\Engine\Atrip\Atrip.cpp">
      <Filter>Source Files</Filter>
    </ClCompile>
    <ClCompile Include="Resources\Window\WinGlfw\WinGlfw.cpp">
      <Filter>Source Files</Filter>
    </ClCompile>
    <ClCompile Include="Resources\Render\Glad\GladRender.cpp">
      <Filter>Source Files</Filter>
    </ClCompile>
    <ClCompile Include="Vendor\Lib\All\Glad\glad.c">
      <Filter>Source Files</Filter>
    </ClCompile>
    <ClCompile Include="Resources\Window\Win32 addition\Win32.cpp">
      <Filter>Source Files</Filter>
    </ClCompile>
    <ClCompile Include="Resources\Engine\EngineBase.cpp">
      <Filter>Source Files</Filter>
    </ClCompile>
    <ClCompile Include="Resources\Render\RenderBase.cpp">
      <Filter>Source Files</Filter>
    </ClCompile>
    <ClCompile Include="Resources\Window\WinBase.cpp">
      <Filter>Source Files</Filter>
    </ClCompile>
    <ClCompile Include="Resources\Render\Glad\Common glad glfw.cpp">
      <Filter>Source Files</Filter>
    </ClCompile>
    <ClCompile Include="Resources\Render\Shader\Glad\GladShader.cpp">
      <Filter>Source Files</Filter>
    </ClCompile>
  </ItemGroup>
  <ItemGroup>
    <ClInclude Include="Resources\Engine\EngineBase.h">
      <Filter>Header Files</Filter>
    </ClInclude>
    <ClInclude Include="Resources\Debug\Debugger.h">
      <Filter>Header Files</Filter>
    </ClInclude>
    <ClInclude Include="Resources\Engine\Atrip\Atrip.h">
      <Filter>Header Files</Filter>
    </ClInclude>
    <ClInclude Include="Resources\Window\WinBase.h">
      <Filter>Header Files</Filter>
    </ClInclude>
    <ClInclude Include="Resources\Window\WinGlfw\WinGlfw.h">
      <Filter>Header Files</Filter>
    </ClInclude>
    <ClInclude Include="Resources\Render\RenderAPI.h">
      <Filter>Header Files</Filter>
    </ClInclude>
    <ClInclude Include="Resources\Render\RenderBase.h">
      <Filter>Header Files</Filter>
    </ClInclude>
    <ClInclude Include="Resources\Render\Glad\GladRender.h">
      <Filter>Header Files</Filter>
    </ClInclude>
    <ClInclude Include="Vendor\Include\32\GLFW\glfw3.h">
      <Filter>Header Files</Filter>
    </ClInclude>
    <ClInclude Include="Vendor\Include\32\GLFW\glfw3native.h">
      <Filter>Header Files</Filter>
    </ClInclude>
    <ClInclude Include="Vendor\Include\64\GLFW\glfw3.h">
      <Filter>Header Files</Filter>
    </ClInclude>
    <ClInclude Include="Vendor\Include\64\GLFW\glfw3native.h">
      <Filter>Header Files</Filter>
    </ClInclude>
    <ClInclude Include="Vendor\Include\All\Opengl\glad\glad.h">
      <Filter>Header Files</Filter>
    </ClInclude>
    <ClInclude Include="Vendor\Include\All\Opengl\KHR\khrplatform.h">
      <Filter>Header Files</Filter>
    </ClInclude>
    <ClInclude Include="Resources\Window\Win32 addition\Win32.h">
      <Filter>Header Files</Filter>
    </ClInclude>
    <ClInclude Include="Resources\Window\Win32 addition\MsgBoxTypes.h">
      <Filter>Header Files</Filter>
    </ClInclude>
    <ClInclude Include="Resources\Window\Win32 addition\MsgBoxIcon.h">
      <Filter>Header Files</Filter>
    </ClInclude>
    <ClInclude Include="Resources\Window\Win32 addition\MsgBoxReturnButton.h">
      <Filter>Header Files</Filter>
    </ClInclude>
    <ClInclude Include="Resources\Window\WinGlfw\GlfwWinData.h">
      <Filter>Header Files</Filter>
    </ClInclude>
    <ClInclude Include="Resources\Render\Shader\ShaderBase.h">
      <Filter>Header Files</Filter>
    </ClInclude>
    <ClInclude Include="Resources\Render\Shader\Glad\GladShader.h">
      <Filter>Header Files</Filter>
    </ClInclude>
  </ItemGroup>
</Project>